
Microsoft Visual Studio Solution File, Format Version 12.00
# Visual Studio Version 16
VisualStudioVersion = 16.0.34931.43
MinimumVisualStudioVersion = 10.0.40219.1
Project("{FAE04EC0-301F-11D3-BF4B-00C04F79EFBC}") = "cc1", "cc1\cc1.csproj", "{268A4C3E-37B5-46B1-A10C-9E75CFD7D92A}"
EndProject
Global
	GlobalSection(SolutionConfigurationPlatforms) = preSolution
		Debug|Any CPU = Debug|Any CPU
		Release|Any CPU = Release|Any CPU
	EndGlobalSection
	GlobalSection(ProjectConfigurationPlatforms) = postSolution
		{268A4C3E-37B5-46B1-A10C-9E75CFD7D92A}.Debug|Any CPU.ActiveCfg = Debug|Any CPU
		{268A4C3E-37B5-46B1-A10C-9E75CFD7D92A}.Debug|Any CPU.Build.0 = Debug|Any CPU
		{268A4C3E-37B5-46B1-A10C-9E75CFD7D92A}.Release|Any CPU.ActiveCfg = Release|Any CPU
		{268A4C3E-37B5-46B1-A10C-9E75CFD7D92A}.Release|Any CPU.Build.0 = Release|Any CPU
	EndGlobalSection
	GlobalSection(SolutionProperties) = preSolution
		HideSolutionNode = FALSE
	EndGlobalSection
	GlobalSection(ExtensibilityGlobals) = postSolution
		SolutionGuid = {4012BAB6-181E-49C3-B469-37DE82698B8C}
	EndGlobalSection
EndGlobal
