
Microsoft Visual Studio Solution File, Format Version 12.00
# Visual Studio Version 16
VisualStudioVersion = 16.0.34931.43
MinimumVisualStudioVersion = 10.0.40219.1
Project("{FAE04EC0-301F-11D3-BF4B-00C04F79EFBC}") = "HtmlCC7", "HtmlCC7\HtmlCC7.csproj", "{36515DE0-0FCF-4366-8DCE-52DD15E94726}"
EndProject
Global
	GlobalSection(SolutionConfigurationPlatforms) = preSolution
		Debug|Any CPU = Debug|Any CPU
		Release|Any CPU = Release|Any CPU
	EndGlobalSection
	GlobalSection(ProjectConfigurationPlatforms) = postSolution
		{36515DE0-0FCF-4366-8DCE-52DD15E94726}.Debug|Any CPU.ActiveCfg = Debug|Any CPU
		{36515DE0-0FCF-4366-8DCE-52DD15E94726}.Debug|Any CPU.Build.0 = Debug|Any CPU
		{36515DE0-0FCF-4366-8DCE-52DD15E94726}.Release|Any CPU.ActiveCfg = Release|Any CPU
		{36515DE0-0FCF-4366-8DCE-52DD15E94726}.Release|Any CPU.Build.0 = Release|Any CPU
	EndGlobalSection
	GlobalSection(SolutionProperties) = preSolution
		HideSolutionNode = FALSE
	EndGlobalSection
	GlobalSection(ExtensibilityGlobals) = postSolution
		SolutionGuid = {89D5A0F0-5B97-4AFA-AFCE-87FC33153907}
	EndGlobalSection
EndGlobal
